{
  "version": "5",
  "specifiers": {
    "jsr:@std/assert@1.0.19": "1.0.19",
    "jsr:@std/assert@^1.0.19": "1.0.19",
    "jsr:@std/async@^1.4.0": "1.4.0",
    "jsr:@std/data-structures@^1.1.0": "1.1.0",
    "jsr:@std/fs@^1.0.24": "1.0.24",
    "jsr:@std/internal@^1.0.12": "1.0.14",
    "jsr:@std/internal@^1.0.14": "1.0.14",
    "jsr:@std/path@^1.1.5": "1.1.5",
    "jsr:@std/testing@1.0.19": "1.0.19",
    "jsr:@tadashi/skreen@3.0.4": "3.0.4",
    "npm:@aws-sdk/client-s3@3.1055.0": "3.1055.0",
    "npm:@aws-sdk/lib-storage@3.1055.0": "3.1055.0_@aws-sdk+client-s3@3.1055.0",
    "npm:@fulgur-rs/cli@0.16.0": "0.16.0",
    "npm:@nestjs/bullmq@11.0.4": "11.0.4_@nestjs+common@11.1.24__reflect-metadata@0.2.2__rxjs@7.8.2_@nestjs+core@11.1.24__@nestjs+common@11.1.24___reflect-metadata@0.2.2___rxjs@7.8.2__reflect-metadata@0.2.2__rxjs@7.8.2_bullmq@5.77.6",
    "npm:@nestjs/common@11.1.24": "11.1.24_reflect-metadata@0.2.2_rxjs@7.8.2",
    "npm:@nestjs/config@4.0.4": "4.0.4_@nestjs+common@11.1.24__reflect-metadata@0.2.2__rxjs@7.8.2_rxjs@7.8.2_reflect-metadata@0.2.2",
    "npm:@nestjs/core@11.1.24": "11.1.24_@nestjs+common@11.1.24__reflect-metadata@0.2.2__rxjs@7.8.2_reflect-metadata@0.2.2_rxjs@7.8.2",
    "npm:@smithy/fetch-http-handler@5.4.5": "5.4.5",
    "npm:bullmq@5.77.6": "5.77.6",
    "npm:daisyui@5.5.20": "5.5.20",
    "npm:handlebars@4.7.9": "4.7.9",
    "npm:ioredis@5.11.0": "5.11.0",
    "npm:lightningcss@1.32.0": "1.32.0",
    "npm:reflect-metadata@0.2.2": "0.2.2",
    "npm:rxjs@7.8.2": "7.8.2",
    "npm:sst@4.14.3": "4.14.3",
    "npm:tailwindcss@4.3.0": "4.3.0"
  },
  "jsr": {
    "@std/assert@1.0.19": {
      "integrity": "eaada96ee120cb980bc47e040f82814d786fe8162ecc53c91d8df60b8755991e",
      "dependencies": [
        "jsr:@std/internal@^1.0.12"
      ]
    },
    "@std/async@1.4.0": {
      "integrity": "4d70b008634f571cff9b554090d628c76141c32613aae0ff283fd5fa23d0c379"
    },
    "@std/data-structures@1.1.0": {
      "integrity": "c35ae4ad5d8e41a38573c2fe3e19b18ea2505f63cfea201edcb8720aca1f7f58"
    },
    "@std/fs@1.0.24": {
      "integrity": "f3061b45b81673a2bece689da041df32d174be064c89eb6397fb5718d3fb7877",
      "dependencies": [
        "jsr:@std/path"
      ]
    },
    "@std/internal@1.0.14": {
      "integrity": "291516b3d4c35024d6ffbc0a9df5bf4c64116e05b50012cf846710152d2ffdf7"
    },
    "@std/path@1.1.5": {
      "integrity": "ccea00982ea28c36becaf6e62f855406c76a8c32d462f66f415bbb7d83a271bc",
      "dependencies": [
        "jsr:@std/internal@^1.0.14"
      ]
    },
    "@std/testing@1.0.19": {
      "integrity": "f4236172365b216728dc3cc8b5e80a9f4c33083d1e4ede7613d5b25b4014898e",
      "dependencies": [
        "jsr:@std/assert@^1.0.19",
        "jsr:@std/async",
        "jsr:@std/data-structures",
        "jsr:@std/fs",
        "jsr:@std/internal@^1.0.14",
        "jsr:@std/path"
      ]
    },
    "@tadashi/skreen@3.0.4": {
      "integrity": "bb862105b4619e18870fc42337dfaeef7157c3b46cb09942131cf0305896d04c",
      "dependencies": [
        "npm:@fulgur-rs/cli"
      ]
    }
  },
  "npm": {
    "@aws-crypto/crc32@5.2.0": {
      "integrity": "sha512-nLbCWqQNgUiwwtFsen1AdzAtvuLRsQS8rYgMuxCrdKf9kOssamGLuPwyTY9wyYblNr9+1XM8v6zoDTPPSIeANg==",
      "dependencies": [
        "@aws-crypto/util",
        "@aws-sdk/types",
        "tslib"
      ]
    },
    "@aws-crypto/crc32c@5.2.0": {
      "integrity": "sha512-+iWb8qaHLYKrNvGRbiYRHSdKRWhto5XlZUEBwDjYNf+ly5SVYG6zEoYIdxvf5R3zyeP16w4PLBn3rH1xc74Rag==",
      "dependencies": [
        "@aws-crypto/util",
        "@aws-sdk/types",
        "tslib"
      ]
    },
    "@aws-crypto/sha1-browser@5.2.0": {
      "integrity": "sha512-OH6lveCFfcDjX4dbAvCFSYUjJZjDr/3XJ3xHtjn3Oj5b9RjojQo8npoLeA/bNwkOkrSQ0wgrHzXk4tDRxGKJeg==",
      "dependencies": [
        "@aws-crypto/supports-web-crypto",
        "@aws-crypto/util",
        "@aws-sdk/types",
        "@aws-sdk/util-locate-window",
        "@smithy/util-utf8",
        "tslib"
      ]
    },
    "@aws-crypto/sha256-browser@5.2.0": {
      "integrity": "sha512-AXfN/lGotSQwu6HNcEsIASo7kWXZ5HYWvfOmSNKDsEqC4OashTp8alTmaz+F7TC2L083SFv5RdB+qU3Vs1kZqw==",
      "dependencies": [
        "@aws-crypto/sha256-js",
        "@aws-crypto/supports-web-crypto",
        "@aws-crypto/util",
        "@aws-sdk/types",
        "@aws-sdk/util-locate-window",
        "@smithy/util-utf8",
        "tslib"
      ]
    },
    "@aws-crypto/sha256-js@5.2.0": {
      "integrity": "sha512-FFQQyu7edu4ufvIZ+OadFpHHOt+eSTBaYaki44c+akjg7qZg9oOQeLlk77F6tSYqjDAFClrHJk9tMf0HdVyOvA==",
      "dependencies": [
        "@aws-crypto/util",
        "@aws-sdk/types",
        "tslib"
      ]
    },
    "@aws-crypto/supports-web-crypto@5.2.0": {
      "integrity": "sha512-iAvUotm021kM33eCdNfwIN//F77/IADDSs58i+MDaOqFrVjZo9bAal0NK7HurRuWLLpF1iLX7gbWrjHjeo+YFg==",
      "dependencies": [
        "tslib"
      ]
    },
    "@aws-crypto/util@5.2.0": {
      "integrity": "sha512-4RkU9EsI6ZpBve5fseQlGNUWKMa1RLPQ1dnjnQoe07ldfIzcsGb5hC5W0Dm7u423KWzawlrpbjXBrXCEv9zazQ==",
      "dependencies": [
        "@aws-sdk/types",
        "@smithy/util-utf8",
        "tslib"
      ]
    },
    "@aws-sdk/client-lambda@3.1053.0": {
      "integrity": "sha512-rIauaabLL/2C/5GYW6r/j4ptULlsTw2D/81leZ0nrjQVu9LSuAUZBJYLJpMsQobhDon4gfkdMIObOxQY1AHhRA==",
      "dependencies": [
        "@aws-crypto/sha256-browser",
        "@aws-crypto/sha256-js",
        "@aws-sdk/core",
        "@aws-sdk/credential-provider-node",
        "@aws-sdk/types",
        "@smithy/core",
        "@smithy/fetch-http-handler",
        "@smithy/node-http-handler",
        "@smithy/types",
        "tslib"
      ]
    },
    "@aws-sdk/client-s3@3.1055.0": {
      "integrity": "sha512-FxVwuw86c2Mw4p+0tOtoE+1sDTk+eOBZD/NwwK+wwx1gHkdO/EYSv231O9A1YM8HPjUrI0vZ/hP/szckBxHW0A==",
      "dependencies": [
        "@aws-crypto/sha1-browser",
        "@aws-crypto/sha256-browser",
        "@aws-crypto/sha256-js",
        "@aws-sdk/core",
        "@aws-sdk/credential-provider-node",
        "@aws-sdk/middleware-bucket-endpoint",
        "@aws-sdk/middleware-expect-continue",
        "@aws-sdk/middleware-flexible-checksums",
        "@aws-sdk/middleware-location-constraint",
        "@aws-sdk/middleware-sdk-s3",
        "@aws-sdk/middleware-ssec",
        "@aws-sdk/signature-v4-multi-region",
        "@aws-sdk/types",
        "@smithy/core",
        "@smithy/fetch-http-handler",
        "@smithy/node-http-handler",
        "@smithy/types",
        "tslib"
      ]
    },
    "@aws-sdk/core@3.974.14": {
      "integrity": "sha512-ppamm04uoj3hhNO5IlQSs5D6rWX1fWkzcn6a4pZrojk8Y6ObY9wzLDdT/Eq3gv6O9hOebi9tYTNB8b8fQj9XJw==",
      "dependencies": [
        "@aws-sdk/types",
        "@aws-sdk/xml-builder",
        "@aws/lambda-invoke-store",
        "@smithy/core",
        "@smithy/signature-v4",
        "@smithy/types",
        "bowser",
        "tslib"
      ]
    },
    "@aws-sdk/crc64-nvme@3.972.9": {
      "integrity": "sha512-P+QGozmXn2mZZI7sDgk+aUm+RTI61MPSFB+Ir2vjEjEbEsE4e7hYtzrDvAUxZy9ko81h53e11+F/GYlvwDkaOQ==",
      "dependencies": [
        "@smithy/types",
        "tslib"
      ]
    },
    "@aws-sdk/credential-provider-env@3.972.40": {
      "integrity": "sha512-jjT0p0Y7KZtcvExYiPCLJnqM9lkXDV1KBEg/13OE2DXv/9batzlyJHVKUEnRNJccY0O2Sul17E1su38CgdBhGQ==",
      "dependencies": [
        "@aws-sdk/core",
        "@aws-sdk/types",
        "@smithy/core",
        "@smithy/types",
        "tslib"
      ]
    },
    "@aws-sdk/credential-provider-http@3.972.42": {
      "integrity": "sha512-+3fsKtWybe5BjKEUA3/07oh7Ayfd82IED2+gyyaVfS/4PU78E3TaOQxSGOJ1t7Imefoidw/ne9QA7apX8wEnJg==",
      "dependencies": [
        "@aws-sdk/core",
        "@aws-sdk/types",
        "@smithy/core",
        "@smithy/fetch-http-handler",
        "@smithy/node-http-handler",
        "@smithy/types",
        "tslib"
      ]
    },
    "@aws-sdk/credential-provider-ini@3.972.44": {
      "integrity": "sha512-gZFw5wBefCIPg9vpT+gV5FdhfNKhYTVDZa1IsZCcn3SRoYUOJ/E05vwIogkJoonqBL0ttBGi5vhthX7xceekRg==",
      "dependencies": [
        "@aws-sdk/core",
        "@aws-sdk/credential-provider-env",
        "@aws-sdk/credential-provider-http",
        "@aws-sdk/credential-provider-login",
        "@aws-sdk/credential-provider-process",
        "@aws-sdk/credential-provider-sso",
        "@aws-sdk/credential-provider-web-identity",
        "@aws-sdk/nested-clients",
        "@aws-sdk/types",
        "@smithy/core",
        "@smithy/credential-provider-imds",
        "@smithy/types",
        "tslib"
      ]
    },
    "@aws-sdk/credential-provider-login@3.972.44": {
      "integrity": "sha512-QqEGHfQeZgUDqh7zpqHufrZ8T644ELEWvB+4gUdewLyRw4IRF+6CJqeQuRWqucZdQzoQeMh7fNAD9BWxFAdNig==",
      "dependencies": [
        "@aws-sdk/core",
        "@aws-sdk/nested-clients",
        "@aws-sdk/types",
        "@smithy/core",
        "@smithy/types",
        "tslib"
      ]
    },
    "@aws-sdk/credential-provider-node@3.972.45": {
      "integrity": "sha512-3YCv52ExXIRz3LAVNysevd+s7akSpg9dl39v9LJ7dOQH+s5rHi3jMZYQyxwMmglxQGMuzYRfQ0o1VSP2UOlIRw==",
      "dependencies": [
        "@aws-sdk/credential-provider-env",
        "@aws-sdk/credential-provider-http",
        "@aws-sdk/credential-provider-ini",
        "@aws-sdk/credential-provider-process",
        "@aws-sdk/credential-provider-sso",
        "@aws-sdk/credential-provider-web-identity",
        "@aws-sdk/types",
        "@smithy/core",
        "@smithy/credential-provider-imds",
        "@smithy/types",
        "tslib"
      ]
    },
    "@aws-sdk/credential-provider-process@3.972.40": {
      "integrity": "sha512-cXaozlgJCOwmE6D7x4npcPdyk7kiFZdrGjN3D6tXXtItJJMNGPafDfAJn4YQmciMooG/X+b0Y6RTqdVVMx26jg==",
      "dependencies": [
        "@aws-sdk/core",
        "@aws-sdk/types",
        "@smithy/core",
        "@smithy/types",
        "tslib"
      ]
    },
    "@aws-sdk/credential-provider-sso@3.972.44": {
      "integrity": "sha512-YePoj5kQuPmE0MHnyftXCfsO8ZSBd2kDr50XEIUrdejSbGFlayYvUuCohdb8drhGhPm6b65o7H1eC26EZhwUvA==",
      "dependencies": [
        "@aws-sdk/core",
        "@aws-sdk/nested-clients",
        "@aws-sdk/token-providers",
        "@aws-sdk/types",
        "@smithy/core",
        "@smithy/types",
        "tslib"
      ]
    },
    "@aws-sdk/credential-provider-web-identity@3.972.44": {
      "integrity": "sha512-Ys/JJe++8Z2Y5meR1taMBaVcrGBA0/XsVTQR+qOKZbdNyg+8Jlv5rYZSwh8SqEHY00goSOZy7PHzZ2rLNQxDLg==",
      "dependencies": [
        "@aws-sdk/core",
        "@aws-sdk/nested-clients",
        "@aws-sdk/types",
        "@smithy/core",
        "@smithy/types",
        "tslib"
      ]
    },
    "@aws-sdk/lib-storage@3.1055.0_@aws-sdk+client-s3@3.1055.0": {
      "integrity": "sha512-wlTeeGJYkEMmTk1wiYkhMz7mvjEoeJlWMQ7kMNJ+GOAbvHYd+u8qQ/PCt7XNPVqnYej1WZs0fskOBMTYzsqIJw==",
      "dependencies": [
        "@aws-sdk/client-s3",
        "@smithy/core",
        "@smithy/types",
        "buffer",
        "events",
        "stream-browserify",
        "tslib"
      ]
    },
    "@aws-sdk/middleware-bucket-endpoint@3.972.16": {
      "integrity": "sha512-FhasMTBDBmMN7EEa1hUeHwo5p5Mv3Dm8w0VEbdXX/6ola/uyhRuJt8zGkH09mLTmab20USTzEpPqyqEoe1MqNg==",
      "dependencies": [
        "@aws-sdk/core",
        "@aws-sdk/types",
        "@smithy/core",
        "@smithy/types",
        "tslib"
      ]
    },
    "@aws-sdk/middleware-expect-continue@3.972.13": {
      "integrity": "sha512-sHiqIFg8o2ipT7t40B89Vj0ubSUtY6OSt/+Ee/OXhHch5K4+81zP2+QX8Lkc/nJ2QSmCySxOke7TEbmX69fe2g==",
      "dependencies": [
        "@aws-sdk/types",
        "@smithy/core",
        "@smithy/types",
        "tslib"
      ]
    },
    "@aws-sdk/middleware-flexible-checksums@3.974.22": {
      "integrity": "sha512-ot1kZ1JGHUxcXPOARhej/n/+Odfx9VPt60pNrUq8Lf/U2blIF3+uj5v56gw76VD70dZvrfeLNo9jKz6pQJfOlA==",
      "dependencies": [
        "@aws-crypto/crc32",
        "@aws-crypto/crc32c",
        "@aws-crypto/util",
        "@aws-sdk/core",
        "@aws-sdk/crc64-nvme",
        "@aws-sdk/types",
        "@smithy/core",
        "@smithy/types",
        "tslib"
      ]
    },
    "@aws-sdk/middleware-location-constraint@3.972.11": {
      "integrity": "sha512-hkfspNUP4criAH6ton6BGKgnm5dZx+7bUOy1YqlTfejDeUPAM23D81q/IX+hdlS3KUsfwGz5ADTqZWKBEUpf4A==",
      "dependencies": [
        "@aws-sdk/types",
        "@smithy/types",
        "tslib"
      ]
    },
    "@aws-sdk/middleware-sdk-s3@3.972.43": {
      "integrity": "sha512-CBmixMY36JdAdt9ALgm7yVlvOXGUCHt9Z2kn5p9XVO5StO6HCH+cayV7YYV1CDLsXvVyebaXgBmif9wHoxCeNA==",
      "dependencies": [
        "@aws-sdk/core",
        "@aws-sdk/signature-v4-multi-region",
        "@aws-sdk/types",
        "@smithy/core",
        "@smithy/types",
        "tslib"
      ]
    },
    "@aws-sdk/middleware-ssec@3.972.11": {
      "integrity": "sha512-7PQvGNhtveKlvVqNahqWx5yrwxP7ecwAoB1dYBf8eKwfo2tzzCbNnW+q2nO3N066ktQaB4iBQbDRWtizm+amoQ==",
      "dependencies": [
        "@aws-sdk/types",
        "@smithy/types",
        "tslib"
      ]
    },
    "@aws-sdk/nested-clients@3.997.12": {
      "integrity": "sha512-Js2VYaCM269feB0cs0cGmlIhdOgT9aMqzdBx68lCy6kVCYfzr0T36ovUFDvfUmatkuBeyBJhCwaLBh7P8meH5Q==",
      "dependencies": [
        "@aws-crypto/sha256-browser",
        "@aws-crypto/sha256-js",
        "@aws-sdk/core",
        "@aws-sdk/signature-v4-multi-region",
        "@aws-sdk/types",
        "@smithy/core",
        "@smithy/fetch-http-handler",
        "@smithy/node-http-handler",
        "@smithy/types",
        "tslib"
      ]
    },
    "@aws-sdk/signature-v4-multi-region@3.996.29": {
      "integrity": "sha512-Few9FoQqOt/0KSvZYP+qdW0dfOhfQ9N+gl2UUDvCPW6mkPKHli9LMbKxWj+wZ5zKPaOoqxuR3Hhy3OTpndkfSw==",
      "dependencies": [
        "@aws-sdk/types",
        "@smithy/signature-v4",
        "@smithy/types",
        "tslib"
      ]
    },
    "@aws-sdk/token-providers@3.1054.0": {
      "integrity": "sha512-hG9YKApmZOw+drJ9Nuoaf/OvC8e5W1+3eoLeN5p2uVCZRWsv27teIS0b4kiH6Sfv3WMmamqYJxmE2WMwyp/L/A==",
      "dependencies": [
        "@aws-sdk/core",
        "@aws-sdk/nested-clients",
        "@aws-sdk/types",
        "@smithy/core",
        "@smithy/types",
        "tslib"
      ]
    },
    "@aws-sdk/types@3.973.9": {
      "integrity": "sha512-kuBfgQVdcz5Bmapc4A13YbpVw/pXkesfhetcFYwbntqas8sF41OHyd4o28+/TG2ZQdHBsv90Lsu5y6oitvYCdg==",
      "dependencies": [
        "@smithy/types",
        "tslib"
      ]
    },
    "@aws-sdk/util-locate-window@3.965.5": {
      "integrity": "sha512-WhlJNNINQB+9qtLtZJcpQdgZw3SCDCpXdUJP7cToGwHbCWCnRckGlc6Bx/OhWwIYFNAn+FIydY8SZ0QmVu3xTQ==",
      "dependencies": [
        "tslib"
      ]
    },
    "@aws-sdk/xml-builder@3.972.26": {
      "integrity": "sha512-cDbrqvDS73whl6YAPSPq0U6whzG6UWI9PuWh0wrUuGoZexhWEqhdunbukV7iBoaWnFV1AODutM5hOD6rtn439g==",
      "dependencies": [
        "@smithy/types",
        "fast-xml-parser",
        "tslib"
      ]
    },
    "@aws/durable-execution-sdk-js@1.0.2": {
      "integrity": "sha512-KIYBVqV9gArkWdPEDYOjJqLlO+NecmCXOXadNBlOspJTmqztwuiyb6aZc468bYWSGuL4Me/gyTIK97ubkwFNCw==",
      "dependencies": [
        "@aws-sdk/client-lambda"
      ]
    },
    "@aws/lambda-invoke-store@0.2.4": {
      "integrity": "sha512-iY8yvjE0y651BixKNPgmv1WrQc+GZ142sb0z4gYnChDDY2YqI4P/jsSopBWrKfAt7LOJAkOXt7rC/hms+WclQQ=="
    },
    "@borewit/text-codec@0.2.2": {
      "integrity": "sha512-DDaRehssg1aNrH4+2hnj1B7vnUGEjU6OIlyRdkMd0aUdIUvKXrJfXsy8LVtXAy7DRvYVluWbMspsRhz2lcW0mQ=="
    },
    "@fulgur-rs/cli-darwin-arm64@0.16.0": {
      "integrity": "sha512-/q9WLjfe6xpjyY9UEM1o9fsviPOO11CxTOs/UZR4K4DFd3M9WqJyMXH6EaJLKgDFJVvnkXA5wk/GGmA0+x3ogQ==",
      "os": ["darwin"],
      "cpu": ["arm64"]
    },
    "@fulgur-rs/cli-darwin-x64@0.16.0": {
      "integrity": "sha512-2rlKgWELjDkLC8vc9w1VkFFKU3q4XZfpBvehAnCGjbEQt2mmZSUCmxcHQXX0NShgxpy7OSaqm+kgmSh8eDY35A==",
      "os": ["darwin"],
      "cpu": ["x64"]
    },
    "@fulgur-rs/cli-linux-arm64@0.16.0": {
      "integrity": "sha512-l6tpi9TVZ9XpFu6cSuJ4/knZS8mz2kXZH2EeiwCxktpOiJO2jVYoIDpoufspvRnv/EN0nHS7YXCW++8yW/Atxg==",
      "os": ["linux"],
      "cpu": ["arm64"]
    },
    "@fulgur-rs/cli-linux-x64-musl@0.16.0": {
      "integrity": "sha512-ZMHRlkZlTEmXjC2t/KGcePdxwFdBHgqbZ+18L4C37xcX8MWqVoOM3snYmezAxtM8X2cIjYIbDCjrg1T4P351tw==",
      "os": ["linux"],
      "cpu": ["x64"]
    },
    "@fulgur-rs/cli-linux-x64@0.16.0": {
      "integrity": "sha512-jjxbm0b6MtlZXX4TmBEMkTkGvtI61BbuZNV22XZs/CguStB34/PnhONNuQCGSbXpVt/5FSd/m3YgGUmK1n2JTw==",
      "os": ["linux"],
      "cpu": ["x64"]
    },
    "@fulgur-rs/cli-win32-x64@0.16.0": {
      "integrity": "sha512-g6a4hOnvJEMytQ0xF3HbzpC1f4d1ikeysEpPaAzGAdcpM3I1+QNhx6FqbPDJoQB6FzGbKehfl/URSS1yzIm0dQ==",
      "os": ["win32"],
      "cpu": ["x64"]
    },
    "@fulgur-rs/cli@0.16.0": {
      "integrity": "sha512-xVOzdnzQntsm7Pj18x7jAPJn4osqNj5wJfQA5kC3tpLVjXRBG2rrdlV1MKdK+O8DYprZJ8cf0fyOob540LyRXg==",
      "optionalDependencies": [
        "@fulgur-rs/cli-darwin-arm64",
        "@fulgur-rs/cli-darwin-x64",
        "@fulgur-rs/cli-linux-arm64",
        "@fulgur-rs/cli-linux-x64",
        "@fulgur-rs/cli-linux-x64-musl",
        "@fulgur-rs/cli-win32-x64"
      ],
      "bin": true
    },
    "@ioredis/commands@1.10.0": {
      "integrity": "sha512-UmeW7z4LfctwoQ5wkhVzgq8tXkreED2xZGpX+Bg+zA+WJFZCT6c062AfCK/Dfk81xZnnwdhJCUMkitihRaoC2Q=="
    },
    "@ioredis/commands@1.5.1": {
      "integrity": "sha512-JH8ZL/ywcJyR9MmJ5BNqZllXNZQqQbnVZOqpPQqE1vHiFgAw4NHbvE0FOduNU8IX9babitBT46571OnPTT0Zcw=="
    },
    "@lukeed/csprng@1.1.0": {
      "integrity": "sha512-Z7C/xXCiGWsg0KuKsHTKJxbWhpI3Vs5GwLfOean7MGyVFGqdRgBbAjOCh6u4bbjPc/8MJ2pZmK/0DLdCbivLDA=="
    },
    "@msgpackr-extract/msgpackr-extract-darwin-arm64@3.0.4": {
      "integrity": "sha512-LCkGo6JDfaBhgST7UpPWgNgLINpcpabaHfyz5OBx75nUYxBsaEPxjnyNjWpeb/xBup/682QnBfRBy2/LvPutZQ==",
      "os": ["darwin"],
      "cpu": ["arm64"]
    },
    "@msgpackr-extract/msgpackr-extract-darwin-x64@3.0.4": {
      "integrity": "sha512-zExlW9zUJKZH/tOtVMttwjKa4Xm/3KcNjnE3dPN92uCktwavMxpgCA3MoJK/DOnTWsQgo224OaST27/mPNAf+w==",
      "os": ["darwin"],
      "cpu": ["x64"]
    },
    "@msgpackr-extract/msgpackr-extract-linux-arm64@3.0.4": {
      "integrity": "sha512-dgX0P/9wGPJeHFBG+ZmhgE6bmtMt7NP5CRBGyyktpopdk/mW4POnrpQsSLtKI1dwpc+pPLuXHDh6vvskyQE/sw==",
      "os": ["linux"],
      "cpu": ["arm64"]
    },
    "@msgpackr-extract/msgpackr-extract-linux-arm@3.0.4": {
      "integrity": "sha512-Tg3yX65f5GbtXLkrYEHE5oibZG9epyYWas7FogTTEJeDEF9JlXJzKgXaNhT3UXlTOeA+AfZpYZYZ0uPj7Cfquw==",
      "os": ["linux"],
      "cpu": ["arm"]
    },
    "@msgpackr-extract/msgpackr-extract-linux-x64@3.0.4": {
      "integrity": "sha512-8TNXMEjJc3QEy7R/x1INhgiU+XakDAFUzBhaz7+Rbrs8NH5UQeHQxxmzsSBJGyV6I1jW79undiQm8tOI+D+8FQ==",
      "os": ["linux"],
      "cpu": ["x64"]
    },
    "@msgpackr-extract/msgpackr-extract-win32-x64@3.0.4": {
      "integrity": "sha512-CmCXPQrkbwExx3j946/PtHWHbYJiCRBRDl4BlkRQcJB/YOwQxJRTpoo7aTsortjgoJ1x7opzTSxn7C+ASSLVjQ==",
      "os": ["win32"],
      "cpu": ["x64"]
    },
    "@nestjs/bull-shared@11.0.4_@nestjs+common@11.1.24__reflect-metadata@0.2.2__rxjs@7.8.2_@nestjs+core@11.1.24__@nestjs+common@11.1.24___reflect-metadata@0.2.2___rxjs@7.8.2__reflect-metadata@0.2.2__rxjs@7.8.2_reflect-metadata@0.2.2_rxjs@7.8.2": {
      "integrity": "sha512-VBJcDHSAzxQnpcDfA0kt9MTGUD1XZzfByV70su0W0eDCQ9aqIEBlzWRW21tv9FG9dIut22ysgDidshdjlnczLw==",
      "dependencies": [
        "@nestjs/common",
        "@nestjs/core",
        "tslib"
      ]
    },
    "@nestjs/bullmq@11.0.4_@nestjs+common@11.1.24__reflect-metadata@0.2.2__rxjs@7.8.2_@nestjs+core@11.1.24__@nestjs+common@11.1.24___reflect-metadata@0.2.2___rxjs@7.8.2__reflect-metadata@0.2.2__rxjs@7.8.2_bullmq@5.77.6": {
      "integrity": "sha512-wBzK9raAVG0/6NTMdvLGM4/FQ1lsB35/pYS8L6a0SDgkTiLpd7mAjQ8R692oMx5s7IjvgntaZOuTUrKYLNfIkA==",
      "dependencies": [
        "@nestjs/bull-shared",
        "@nestjs/common",
        "@nestjs/core",
        "bullmq",
        "tslib"
      ]
    },
    "@nestjs/common@11.1.24_reflect-metadata@0.2.2_rxjs@7.8.2": {
      "integrity": "sha512-9zHxaDDM+oXW9As6UsP5yYB+UqczBmpeSCIFWdPEtEukMnZhxODG1BBjaUcdBB8Sc1uzojSJSJlp3yFp853t1g==",
      "dependencies": [
        "file-type",
        "iterare",
        "load-esm",
        "reflect-metadata",
        "rxjs",
        "tslib",
        "uid"
      ]
    },
    "@nestjs/config@4.0.4_@nestjs+common@11.1.24__reflect-metadata@0.2.2__rxjs@7.8.2_rxjs@7.8.2_reflect-metadata@0.2.2": {
      "integrity": "sha512-CJPjNitr0bAufSEnRe2N+JbnVmMmDoo6hvKCPzXgZoGwJSmp/dZPk9f/RMbuD/+Q1ZJPjwsRpq0vxna++Knwow==",
      "dependencies": [
        "@nestjs/common",
        "dotenv@17.4.1",
        "dotenv-expand",
        "lodash",
        "rxjs"
      ]
    },
    "@nestjs/core@11.1.24_@nestjs+common@11.1.24__reflect-metadata@0.2.2__rxjs@7.8.2_reflect-metadata@0.2.2_rxjs@7.8.2": {
      "integrity": "sha512-K4bzT+lEdd0Hhcsw3jtk56QAW6s6skK3ViN7hIROSN0kUf4ROwWEAKopJID6yhPQxB45kDtP2wEcjzE8171J3g==",
      "dependencies": [
        "@nestjs/common",
        "@nuxt/opencollective",
        "fast-safe-stringify",
        "iterare",
        "path-to-regexp",
        "reflect-metadata",
        "rxjs",
        "tslib",
        "uid"
      ],
      "scripts": true
    },
    "@nodable/entities@2.1.0": {
      "integrity": "sha512-nyT7T3nbMyBI/lvr6L5TyWbFJAI9FTgVRakNoBqCD+PmID8DzFrrNdLLtHMwMszOtqZa8PAOV24ZqDnQrhQINA=="
    },
    "@nuxt/opencollective@0.4.1": {
      "integrity": "sha512-GXD3wy50qYbxCJ652bDrDzgMr3NFEkIS374+IgFQKkCvk9yiYcLvX2XDYr7UyQxf4wK0e+yqDYRubZ0DtOxnmQ==",
      "dependencies": [
        "consola"
      ],
      "bin": true
    },
    "@smithy/core@3.24.5": {
      "integrity": "sha512-Kt8phUg45M15EjhYAbZ+fFikYneijLu9Liugz8ZsYz2i8j0hzGv27LWKpEHYRfvj+LyCOSijpcR/2i8RouV+cA==",
      "dependencies": [
        "@aws-crypto/crc32",
        "@smithy/types",
        "tslib"
      ]
    },
    "@smithy/credential-provider-imds@4.3.4": {
      "integrity": "sha512-vKW0MEFRU4Y3MkVZUkpJm+g9qyPGLCXhc0YLggUdSdBB4g7IaSSsCE75P9rBXyWHrXY1UYSQUl8/DwsTR7QciA==",
      "dependencies": [
        "@smithy/core",
        "@smithy/types",
        "tslib"
      ]
    },
    "@smithy/fetch-http-handler@5.4.5": {
      "integrity": "sha512-SK3VMeH0fibgdTg2QeB+O4p7Yy/2E5HBOHJeC58FshkDdeuX8lOgO7PfjYfLyPLP1ch55j91cQqKBzDS0mRjSQ==",
      "dependencies": [
        "@smithy/core",
        "@smithy/types",
        "tslib"
      ]
    },
    "@smithy/is-array-buffer@2.2.0": {
      "integrity": "sha512-GGP3O9QFD24uGeAXYUjwSTXARoqpZykHadOmA8G5vfJPK0/DC67qa//0qvqrJzL1xc8WQWX7/yc7fwudjPHPhA==",
      "dependencies": [
        "tslib"
      ]
    },
    "@smithy/node-http-handler@4.7.4": {
      "integrity": "sha512-HIeF+1vrDGzPkkv39Hj2vlHSXHY3p958jd/8ZnePIY6+ZOsQX8coyEUKO5yQu4r0bQIVsbpotVIrXXwyycMStQ==",
      "dependencies": [
        "@smithy/core",
        "@smithy/types",
        "tslib"
      ]
    },
    "@smithy/signature-v4@5.4.4": {
      "integrity": "sha512-e5UtkMvsatzBfbeBZjEOt0k0Z3BEsjTFL/n6fdO5vtBLe67tdy0dX7xw2DU7uZ3acwoHyeCqpU2Fzb7pxwHb6Q==",
      "dependencies": [
        "@smithy/core",
        "@smithy/types",
        "tslib"
      ]
    },
    "@smithy/types@4.14.2": {
      "integrity": "sha512-P+otAxbV4CqBybp7EkcJCrig63yE2E7PuNVOmilVMRcx/O+QDzGULTrKsq4DV13gSfak9ObPrWaHl/9bL5YcWw==",
      "dependencies": [
        "tslib"
      ]
    },
    "@smithy/util-buffer-from@2.2.0": {
      "integrity": "sha512-IJdWBbTcMQ6DA0gdNhh/BwrLkDR+ADW5Kr1aZmd4k3DIF6ezMV4R2NIAmT08wQJ3yUK82thHWmC/TnK/wpMMIA==",
      "dependencies": [
        "@smithy/is-array-buffer",
        "tslib"
      ]
    },
    "@smithy/util-utf8@2.3.0": {
      "integrity": "sha512-R8Rdn8Hy72KKcebgLiv8jQcQkXoLMOGGv5uI1/k0l+snqkOzQ1R0ChUBCxWMlBsFMekWjq0wRudIweFs7sKT5A==",
      "dependencies": [
        "@smithy/util-buffer-from",
        "tslib"
      ]
    },
    "@tokenizer/inflate@0.4.1": {
      "integrity": "sha512-2mAv+8pkG6GIZiF1kNg1jAjh27IDxEPKwdGul3snfztFerfPGI1LjDezZp3i7BElXompqEtPmoPx6c2wgtWsOA==",
      "dependencies": [
        "debug",
        "token-types"
      ]
    },
    "@tokenizer/token@0.3.0": {
      "integrity": "sha512-OvjF+z51L3ov0OyAU0duzsYuvO01PH7x4t6DJx+guahgTnBHkhJdG7soQeTSFLWN3efnHyibZ4Z8l2EuWwJN3A=="
    },
    "aws4fetch@1.0.18": {
      "integrity": "sha512-3Cf+YaUl07p24MoQ46rFwulAmiyCwH2+1zw1ZyPAX5OtJ34Hh185DwB8y/qRLb6cYYYtSFJ9pthyLc0MD4e8sQ=="
    },
    "base64-js@1.5.1": {
      "integrity": "sha512-AKpaYlHn8t4SVbOHCy+b5+KKgvR4vrsD8vbvrbiQJps7fKDTkjkDry6ji0rUJjC0kzbNePLwzxq8iypo41qeWA=="
    },
    "bowser@2.14.1": {
      "integrity": "sha512-tzPjzCxygAKWFOJP011oxFHs57HzIhOEracIgAePE4pqB3LikALKnSzUyU4MGs9/iCEUuHlAJTjTc5M+u7YEGg=="
    },
    "buffer@5.6.0": {
      "integrity": "sha512-/gDYp/UtU0eA1ys8bOs9J6a+E/KWIY+DZ+Q2WESNUA0jFRsJOc0SNUO6xJ5SGA1xueg3NL65W6s+NY5l9cunuw==",
      "dependencies": [
        "base64-js",
        "ieee754"
      ]
    },
    "bullmq@5.77.6": {
      "integrity": "sha512-WCpSoCD4vWyRD+btOsFrO7iBGInrTgG155gTZCV8qY0Yex2KtsbVtFERx6V1WZ2xWl/5ZxnLar8Z8ufnS4f5jg==",
      "dependencies": [
        "cron-parser",
        "ioredis@5.10.1",
        "msgpackr",
        "node-abort-controller",
        "semver",
        "tslib"
      ]
    },
    "cluster-key-slot@1.1.1": {
      "integrity": "sha512-rwHwUfXL40Chm1r08yrhU3qpUvdVlgkKNeyeGPOxnW8/SyVDvgRaed/Uz54AqWNaTCAThlj6QAs3TZcKI0xDEw=="
    },
    "consola@3.4.2": {
      "integrity": "sha512-5IKcdX0nnYavi6G7TtOhwkYzyjfJlatbjMjuLSfE2kYT5pMDOilZ4OvMhi637CcDICTmz3wARPoyhqyX1Y+XvA=="
    },
    "cron-parser@4.9.0": {
      "integrity": "sha512-p0SaNjrHOnQeR8/VnfGbmg9te2kfyYSQ7Sc/j/6DtPL3JQvKxmjO9TSjNFpujqV3vEYYBvNNvXSxzyksBWAx1Q==",
      "dependencies": [
        "luxon"
      ]
    },
    "daisyui@5.5.20": {
      "integrity": "sha512-HemJcjl0Gk9rQ8BcgofN6p+EURrqftQG9wK1Hkxs98i49xe68+QxpNvry+PyxwkIUgrbMpNmZ5ZWjmtffAjfhQ=="
    },
    "debug@4.4.3": {
      "integrity": "sha512-RGwwWnwQvkVfavKVt22FGLw+xYSdzARwm0ru6DhTVA3umU5hZc28V3kO4stgYryrTlLpuvgI9GiijltAjNbcqA==",
      "dependencies": [
        "ms"
      ]
    },
    "denque@2.1.0": {
      "integrity": "sha512-HVQE3AAb/pxF8fQAoiqpvg9i3evqug3hoiwakOyZAwJm+6vZehbkYXZ0l4JxS+I3QxM97v5aaRNhj8v5oBhekw=="
    },
    "detect-libc@2.1.2": {
      "integrity": "sha512-Btj2BOOO83o3WyH59e8MgXsxEQVcarkUOpEYrubB0urwnN10yQ364rsiByU11nZlqWYZm05i/of7io4mzihBtQ=="
    },
    "dotenv-expand@12.0.3": {
      "integrity": "sha512-uc47g4b+4k/M/SeaW1y4OApx+mtLWl92l5LMPP0GNXctZqELk+YGgOPIIC5elYmUH4OuoK3JLhuRUYegeySiFA==",
      "dependencies": [
        "dotenv@16.6.1"
      ]
    },
    "dotenv@16.6.1": {
      "integrity": "sha512-uBq4egWHTcTt33a72vpSG0z3HnPuIl6NqYcTrKEg2azoEyl2hpW0zqlxysq2pK9HlDIHyHyakeYaYnSAwd8bow=="
    },
    "dotenv@17.4.1": {
      "integrity": "sha512-k8DaKGP6r1G30Lx8V4+pCsLzKr8vLmV2paqEj1Y55GdAgJuIqpRp5FfajGF8KtwMxCz9qJc6wUIJnm053d/WCw=="
    },
    "events@3.3.0": {
      "integrity": "sha512-mQw+2fkQbALzQ7V0MY0IqdnXNOeTtP4r0lN9z7AAawCXgqea7bDii20AYrIBrFd/Hx0M2Ocz6S111CaFkUcb0Q=="
    },
    "fast-safe-stringify@2.1.1": {
      "integrity": "sha512-W+KJc2dmILlPplD/H4K9l9LcAHAfPtP6BY84uVLXQ6Evcz9Lcg33Y2z1IVblT6xdY54PXYVHEv+0Wpq8Io6zkA=="
    },
    "fast-xml-builder@1.2.0": {
      "integrity": "sha512-00aAWieqff+ZJhsXA4g1g7M8k+7AYoMUUHF+/zFb5U6Uv/P0Vl4QZo84/IcufzYalLuEj9928bXN9PbbFzMF0Q==",
      "dependencies": [
        "path-expression-matcher",
        "xml-naming"
      ]
    },
    "fast-xml-parser@5.7.3": {
      "integrity": "sha512-C0AaNuC+mscy6vrAQKAc/rMq+zAPHodfHGZu4sGVehvAQt/JLG1O5zEcYcXSY5zSqr4YVgxsB+pHXTq0i7eDlg==",
      "dependencies": [
        "@nodable/entities",
        "fast-xml-builder",
        "path-expression-matcher",
        "strnum"
      ],
      "bin": true
    },
    "file-type@21.3.4": {
      "integrity": "sha512-Ievi/yy8DS3ygGvT47PjSfdFoX+2isQueoYP1cntFW1JLYAuS4GD7NUPGg4zv2iZfV52uDyk5w5Z0TdpRS6Q1g==",
      "dependencies": [
        "@tokenizer/inflate",
        "strtok3",
        "token-types",
        "uint8array-extras"
      ]
    },
    "handlebars@4.7.9": {
      "integrity": "sha512-4E71E0rpOaQuJR2A3xDZ+GM1HyWYv1clR58tC8emQNeQe3RH7MAzSbat+V0wG78LQBo6m6bzSG/L4pBuCsgnUQ==",
      "dependencies": [
        "minimist",
        "neo-async",
        "source-map",
        "wordwrap"
      ],
      "optionalDependencies": [
        "uglify-js"
      ],
      "bin": true
    },
    "ieee754@1.2.1": {
      "integrity": "sha512-dcyqhDvX1C46lXZcVqCpK+FtMRQVdIMN6/Df5js2zouUsqG7I6sFxitIC+7KYK29KdXOLHdu9zL4sFnoVQnqaA=="
    },
    "inherits@2.0.4": {
      "integrity": "sha512-k/vGaX4/Yla3WzyMCvTQOXYeIHvqOKtnqBduzTHpzpQZzAskKMhZ2K+EnBiSM9zGSoIFeMpXKxa4dYeZIQqewQ=="
    },
    "ioredis@5.10.1": {
      "integrity": "sha512-HuEDBTI70aYdx1v6U97SbNx9F1+svQKBDo30o0b9fw055LMepzpOOd0Ccg9Q6tbqmBSJaMuY0fB7yw9/vjBYCA==",
      "dependencies": [
        "@ioredis/commands@1.5.1",
        "cluster-key-slot",
        "debug",
        "denque",
        "lodash.defaults",
        "lodash.isarguments",
        "redis-errors",
        "redis-parser",
        "standard-as-callback"
      ]
    },
    "ioredis@5.11.0": {
      "integrity": "sha512-EZBErytyVovD8f6pDfG3Kb37N6Y3lmDA9NNj+4+IP13CzzHGeX+OyeRM2Um13khRzoBSzzL+5lVnCX8V2RLeMg==",
      "dependencies": [
        "@ioredis/commands@1.10.0",
        "cluster-key-slot",
        "debug",
        "denque",
        "redis-errors",
        "redis-parser",
        "standard-as-callback"
      ]
    },
    "iterare@1.2.1": {
      "integrity": "sha512-RKYVTCjAnRthyJes037NX/IiqeidgN1xc3j1RjFfECFp28A1GVwK9nA+i0rJPaHqSZwygLzRnFlzUuHFoWWy+Q=="
    },
    "jose@4.15.9": {
      "integrity": "sha512-1vUQX+IdDMVPj4k8kOxgUqlcK518yluMuGZwqlr44FS1ppZB/5GWh4rZG89erpOBOJjU/OBsnCVFfapsRz6nEA=="
    },
    "jose@5.2.3": {
      "integrity": "sha512-KUXdbctm1uHVL8BYhnyHkgp3zDX5KW8ZhAKVFEfUbU2P8Alpzjb+48hHvjOdQIyPshoblhzsuqOwEEAbtHVirA=="
    },
    "lightningcss-android-arm64@1.32.0": {
      "integrity": "sha512-YK7/ClTt4kAK0vo6w3X+Pnm0D2cf2vPHbhOXdoNti1Ga0al1P4TBZhwjATvjNwLEBCnKvjJc2jQgHXH0NEwlAg==",
      "os": ["android"],
      "cpu": ["arm64"]
    },
    "lightningcss-darwin-arm64@1.32.0": {
      "integrity": "sha512-RzeG9Ju5bag2Bv1/lwlVJvBE3q6TtXskdZLLCyfg5pt+HLz9BqlICO7LZM7VHNTTn/5PRhHFBSjk5lc4cmscPQ==",
      "os": ["darwin"],
      "cpu": ["arm64"]
    },
    "lightningcss-darwin-x64@1.32.0": {
      "integrity": "sha512-U+QsBp2m/s2wqpUYT/6wnlagdZbtZdndSmut/NJqlCcMLTWp5muCrID+K5UJ6jqD2BFshejCYXniPDbNh73V8w==",
      "os": ["darwin"],
      "cpu": ["x64"]
    },
    "lightningcss-freebsd-x64@1.32.0": {
      "integrity": "sha512-JCTigedEksZk3tHTTthnMdVfGf61Fky8Ji2E4YjUTEQX14xiy/lTzXnu1vwiZe3bYe0q+SpsSH/CTeDXK6WHig==",
      "os": ["freebsd"],
      "cpu": ["x64"]
    },
    "lightningcss-linux-arm-gnueabihf@1.32.0": {
      "integrity": "sha512-x6rnnpRa2GL0zQOkt6rts3YDPzduLpWvwAF6EMhXFVZXD4tPrBkEFqzGowzCsIWsPjqSK+tyNEODUBXeeVHSkw==",
      "os": ["linux"],
      "cpu": ["arm"]
    },
    "lightningcss-linux-arm64-gnu@1.32.0": {
      "integrity": "sha512-0nnMyoyOLRJXfbMOilaSRcLH3Jw5z9HDNGfT/gwCPgaDjnx0i8w7vBzFLFR1f6CMLKF8gVbebmkUN3fa/kQJpQ==",
      "os": ["linux"],
      "cpu": ["arm64"]
    },
    "lightningcss-linux-arm64-musl@1.32.0": {
      "integrity": "sha512-UpQkoenr4UJEzgVIYpI80lDFvRmPVg6oqboNHfoH4CQIfNA+HOrZ7Mo7KZP02dC6LjghPQJeBsvXhJod/wnIBg==",
      "os": ["linux"],
      "cpu": ["arm64"]
    },
    "lightningcss-linux-x64-gnu@1.32.0": {
      "integrity": "sha512-V7Qr52IhZmdKPVr+Vtw8o+WLsQJYCTd8loIfpDaMRWGUZfBOYEJeyJIkqGIDMZPwPx24pUMfwSxxI8phr/MbOA==",
      "os": ["linux"],
      "cpu": ["x64"]
    },
    "lightningcss-linux-x64-musl@1.32.0": {
      "integrity": "sha512-bYcLp+Vb0awsiXg/80uCRezCYHNg1/l3mt0gzHnWV9XP1W5sKa5/TCdGWaR/zBM2PeF/HbsQv/j2URNOiVuxWg==",
      "os": ["linux"],
      "cpu": ["x64"]
    },
    "lightningcss-win32-arm64-msvc@1.32.0": {
      "integrity": "sha512-8SbC8BR40pS6baCM8sbtYDSwEVQd4JlFTOlaD3gWGHfThTcABnNDBda6eTZeqbofalIJhFx0qKzgHJmcPTnGdw==",
      "os": ["win32"],
      "cpu": ["arm64"]
    },
    "lightningcss-win32-x64-msvc@1.32.0": {
      "integrity": "sha512-Amq9B/SoZYdDi1kFrojnoqPLxYhQ4Wo5XiL8EVJrVsB8ARoC1PWW6VGtT0WKCemjy8aC+louJnjS7U18x3b06Q==",
      "os": ["win32"],
      "cpu": ["x64"]
    },
    "lightningcss@1.32.0": {
      "integrity": "sha512-NXYBzinNrblfraPGyrbPoD19C1h9lfI/1mzgWYvXUTe414Gz/X1FD2XBZSZM7rRTrMA8JL3OtAaGifrIKhQ5yQ==",
      "dependencies": [
        "detect-libc"
      ],
      "optionalDependencies": [
        "lightningcss-android-arm64",
        "lightningcss-darwin-arm64",
        "lightningcss-darwin-x64",
        "lightningcss-freebsd-x64",
        "lightningcss-linux-arm-gnueabihf",
        "lightningcss-linux-arm64-gnu",
        "lightningcss-linux-arm64-musl",
        "lightningcss-linux-x64-gnu",
        "lightningcss-linux-x64-musl",
        "lightningcss-win32-arm64-msvc",
        "lightningcss-win32-x64-msvc"
      ]
    },
    "load-esm@1.0.3": {
      "integrity": "sha512-v5xlu8eHD1+6r8EHTg6hfmO97LN8ugKtiXcy5e6oN72iD2r6u0RPfLl6fxM+7Wnh2ZRq15o0russMst44WauPA=="
    },
    "lodash.defaults@4.2.0": {
      "integrity": "sha512-qjxPLHd3r5DnsdGacqOMU6pb/avJzdh9tFX2ymgoZE27BmjXrNy/y4LoaiTeAb+O3gL8AfpJGtqfX/ae2leYYQ=="
    },
    "lodash.isarguments@3.1.0": {
      "integrity": "sha512-chi4NHZlZqZD18a0imDHnZPrDeBbTtVN7GXMwuGdRH9qotxAjYs3aVLKc7zNOG9eddR5Ksd8rvFEBc9SsggPpg=="
    },
    "lodash@4.18.1": {
      "integrity": "sha512-dMInicTPVE8d1e5otfwmmjlxkZoUpiVLwyeTdUsi/Caj/gfzzblBcCE5sRHV/AsjuCmxWrte2TNGSYuCeCq+0Q=="
    },
    "lru-cache@6.0.0": {
      "integrity": "sha512-Jo6dJ04CmSjuznwJSS3pUeWmd/H0ffTlkXXgwZi+eq1UCmqQwCh+eLsYOYCwY991i2Fah4h1BEMCx4qThGbsiA==",
      "dependencies": [
        "yallist"
      ]
    },
    "luxon@3.7.2": {
      "integrity": "sha512-vtEhXh/gNjI9Yg1u4jX/0YVPMvxzHuGgCm6tC5kZyb08yjGWGnqAjGJvcXbqQR2P3MyMEFnRbpcdFS6PBcLqew=="
    },
    "minimist@1.2.8": {
      "integrity": "sha512-2yyAR8qBkN3YuheJanUpWC5U3bb5osDywNB8RzDVlDwDHbocAJveqqj1u8+SVD7jkWT4yvsHCpWqqWqAxb0zCA=="
    },
    "ms@2.1.3": {
      "integrity": "sha512-6FlzubTLZG3J2a/NVCAleEhjzq5oxgHyaCU9yYXvcLsvoVaHJq/s5xXI6/XXP6tz7R9xAOtHnSO/tXtF3WRTlA=="
    },
    "msgpackr-extract@3.0.4": {
      "integrity": "sha512-4kmO/MdyUIkLIvTPr8VHLil4AtoKIoniWPIEk5+CDy0xnWC84azhSFmuJ7PxZdsYtiP5kEeQsORAVIeMgxT+Hw==",
      "dependencies": [
        "node-gyp-build-optional-packages"
      ],
      "optionalDependencies": [
        "@msgpackr-extract/msgpackr-extract-darwin-arm64",
        "@msgpackr-extract/msgpackr-extract-darwin-x64",
        "@msgpackr-extract/msgpackr-extract-linux-arm",
        "@msgpackr-extract/msgpackr-extract-linux-arm64",
        "@msgpackr-extract/msgpackr-extract-linux-x64",
        "@msgpackr-extract/msgpackr-extract-win32-x64"
      ],
      "scripts": true,
      "bin": true
    },
    "msgpackr@2.0.1": {
      "integrity": "sha512-9J+tqTEsbHqY8YohazYgty7LgerFIWxvMLpUjqETSmjHojtJm2WnX2kK/2a1fLI7CO7ERP1YSEUXMucz4j+yBA==",
      "optionalDependencies": [
        "msgpackr-extract"
      ]
    },
    "neo-async@2.6.2": {
      "integrity": "sha512-Yd3UES5mWCSqR+qNT93S3UoYUkqAZ9lLg8a7g9rimsWmYGK8cVToA4/sF3RrshdyV3sAGMXVUmpMYOw+dLpOuw=="
    },
    "node-abort-controller@3.1.1": {
      "integrity": "sha512-AGK2yQKIjRuqnc6VkX2Xj5d+QW8xZ87pa1UK6yA6ouUyuxfHuMP6umE5QK7UmTeOAymo+Zx1Fxiuw9rVx8taHQ=="
    },
    "node-gyp-build-optional-packages@5.2.2": {
      "integrity": "sha512-s+w+rBWnpTMwSFbaE0UXsRlg7hU4FjekKU4eyAih5T8nJuNZT1nNsskXpxmeqSK9UzkBl6UgRlnKc8hz8IEqOw==",
      "dependencies": [
        "detect-libc"
      ],
      "bin": true
    },
    "object-hash@2.2.0": {
      "integrity": "sha512-gScRMn0bS5fH+IuwyIFgnh9zBdo4DV+6GhygmWM9HyNJSgS0hScp1f5vjtm7oIIOiT9trXrShAkLFSc2IqKNgw=="
    },
    "oidc-token-hash@5.2.0": {
      "integrity": "sha512-6gj2m8cJZ+iSW8bm0FXdGF0YhIQbKrfP4yWTNzxc31U6MOjfEmB1rHvlYvxI1B7t7BCi1F2vYTT6YhtQRG4hxw=="
    },
    "openid-client@5.6.4": {
      "integrity": "sha512-T1h3B10BRPKfcObdBklX639tVz+xh34O7GjofqrqiAQdm7eHsQ00ih18x6wuJ/E6FxdtS2u3FmUGPDeEcMwzNA==",
      "dependencies": [
        "jose@4.15.9",
        "lru-cache",
        "object-hash",
        "oidc-token-hash"
      ]
    },
    "path-expression-matcher@1.5.0": {
      "integrity": "sha512-cbrerZV+6rvdQrrD+iGMcZFEiiSrbv9Tfdkvnusy6y0x0GKBXREFg/Y65GhIfm0tnLntThhzCnfKwp1WRjeCyQ=="
    },
    "path-to-regexp@8.4.2": {
      "integrity": "sha512-qRcuIdP69NPm4qbACK+aDogI5CBDMi1jKe0ry5rSQJz8JVLsC7jV8XpiJjGRLLol3N+R5ihGYcrPLTno6pAdBA=="
    },
    "readable-stream@3.6.2": {
      "integrity": "sha512-9u/sniCrY3D5WdsERHzHE4G2YCXqoG5FTHUiCC4SIbr6XcLZBY05ya9EKjYek9O5xOAwjGq+1JdGBAS7Q9ScoA==",
      "dependencies": [
        "inherits",
        "string_decoder",
        "util-deprecate"
      ]
    },
    "redis-errors@1.2.0": {
      "integrity": "sha512-1qny3OExCf0UvUV/5wpYKf2YwPcOqXzkwKKSmKHiE6ZMQs5heeE/c8eXK+PNllPvmjgAbfnsbpkGZWy8cBpn9w=="
    },
    "redis-parser@3.0.0": {
      "integrity": "sha512-DJnGAeenTdpMEH6uAJRK/uiyEIH9WVsUmoLwzudwGJUwZPp80PDBWPHXSAGNPwNvIXAbe7MSUB1zQFugFml66A==",
      "dependencies": [
        "redis-errors"
      ]
    },
    "reflect-metadata@0.2.2": {
      "integrity": "sha512-urBwgfrvVP/eAyXx4hluJivBKzuEbSQs9rKWCrCkbSxNv8mxPcUZKeuoF3Uy4mJl3Lwprp6yy5/39VWigZ4K6Q=="
    },
    "rxjs@7.8.2": {
      "integrity": "sha512-dhKf903U/PQZY6boNNtAGdWbG85WAbjT/1xYoZIC7FAY0yWapOBQVsVrDl58W86//e1VpMNBtRV4MaXfdMySFA==",
      "dependencies": [
        "tslib"
      ]
    },
    "safe-buffer@5.2.1": {
      "integrity": "sha512-rp3So07KcdmmKbGvgaNxQSJr7bGVSVk5S9Eq1F+ppbRo70+YeaDxkw5Dd8NPN+GD6bjnYm2VuPuCXmpuYvmCXQ=="
    },
    "semver@7.8.0": {
      "integrity": "sha512-AcM7dV/5ul4EekoQ29Agm5vri8JNqRyj39o0qpX6vDF2GZrtutZl5RwgD1XnZjiTAfncsJhMI48QQH3sN87YNA==",
      "bin": true
    },
    "source-map@0.6.1": {
      "integrity": "sha512-UjgapumWlbMhkBgzT7Ykc5YXUT46F0iKu8SGXq0bcwP5dz/h0Plj6enJqjz1Zbq2l5WaqYnrVbwWOWMyF3F47g=="
    },
    "sst-darwin-arm64@4.14.3": {
      "integrity": "sha512-QN2kFzhzFDOWHIaa4KjjGfSLyHe2f2DBcZUiE9X0Lg+BVVjKuNvj800zkN3zZ6UwbCRkSP2f0GlUltiIYk5hRw==",
      "os": ["darwin"],
      "cpu": ["arm64"]
    },
    "sst-darwin-x64@4.14.3": {
      "integrity": "sha512-JHQGQwLkDApm7slvhyM3nO10Lcaeo0kBSpI+TBupr6a2mKsUJxD1xiN9ywwtSIIxczf+7f8q6MJltMehzzltZg==",
      "os": ["darwin"],
      "cpu": ["x64"]
    },
    "sst-linux-arm64@4.14.3": {
      "integrity": "sha512-UC3psoMeqIo9Crtg/vuoggoQLkol7ntNNgxJSqvQWxNCPNXjoQdSzW31zy92cSTJDt9yLtKWYw+S/TXhxlajzw==",
      "os": ["linux"],
      "cpu": ["arm64"]
    },
    "sst-linux-x64@4.14.3": {
      "integrity": "sha512-W0V+roE86p3nXK5tIVLIAYJogz8FQD9Nbv+aBKCyjEC8ch/7jxQFVU8MDDv1S9PNI1ESuofAdROw/4h7+T9qyg==",
      "os": ["linux"],
      "cpu": ["x64"]
    },
    "sst-linux-x86@4.14.3": {
      "integrity": "sha512-ftY0OWbv7eKDpWVZUTlMbbp0UQSaZhrFwaF/FIF0HM4uwOmbDpRREvxuD+w6IWrBeGLKDH/RSBvz68WnGIBhEg==",
      "os": ["linux"],
      "cpu": ["x86"]
    },
    "sst-win32-arm64@4.14.3": {
      "integrity": "sha512-tAuhkz0aRq7dldSFS3GPvvMfatlYEt+VQvqSRvRu0sTCmSN+lnMGN3DhDP6cUx2kEJd9vYc2bhqiefxQWFydZw==",
      "os": ["win32"],
      "cpu": ["arm64"]
    },
    "sst-win32-x64@4.14.3": {
      "integrity": "sha512-Su0DfrE5mTNo2al2EzTqEiuOd6Oq6M9mM8BPYNnTosCaGhA6YkM+5JZ2BVrPO36mzRmRw0/j4mPssI1dY7TynA==",
      "os": ["win32"],
      "cpu": ["x64"]
    },
    "sst-win32-x86@4.14.3": {
      "integrity": "sha512-dkiYRWOLYpNfCBSybfYSeeKP4ddPXCIGtVwUPgpJWQGQiUfvmVIsO1bidqxADyvIMKK326c1ASrceRo4DuobNw==",
      "os": ["win32"],
      "cpu": ["x86"]
    },
    "sst@4.14.3": {
      "integrity": "sha512-L1WrUB7WrMxhqwMbeq1kvz9/6dFlv/IkYWvqdlirpDOACRBpB/5jqAkyZwrgfmDKJ7ho3xHlo3QQC6EWtPg/oQ==",
      "dependencies": [
        "@aws/durable-execution-sdk-js",
        "aws4fetch",
        "jose@5.2.3",
        "openid-client"
      ],
      "optionalDependencies": [
        "sst-darwin-arm64",
        "sst-darwin-x64",
        "sst-linux-arm64",
        "sst-linux-x64",
        "sst-linux-x86",
        "sst-win32-arm64",
        "sst-win32-x64",
        "sst-win32-x86"
      ],
      "bin": true
    },
    "standard-as-callback@2.1.0": {
      "integrity": "sha512-qoRRSyROncaz1z0mvYqIE4lCd9p2R90i6GxW3uZv5ucSu8tU7B5HXUP1gG8pVZsYNVaXjk8ClXHPttLyxAL48A=="
    },
    "stream-browserify@3.0.0": {
      "integrity": "sha512-H73RAHsVBapbim0tU2JwwOiXUj+fikfiaoYAKHF3VJfA0pe2BCzkhAHBlLG6REzE+2WNZcxOXjK7lkso+9euLA==",
      "dependencies": [
        "inherits",
        "readable-stream"
      ]
    },
    "string_decoder@1.3.0": {
      "integrity": "sha512-hkRX8U1WjJFd8LsDJ2yQ/wWWxaopEsABU1XfkM8A+j0+85JAGppt16cr1Whg6KIbb4okU6Mql6BOj+uup/wKeA==",
      "dependencies": [
        "safe-buffer"
      ]
    },
    "strnum@2.3.0": {
      "integrity": "sha512-ums3KNd42PGyx5xaoVTO1mjU1bH3NpY4vsrVlnv9PNGqQj8wd7rJ6nEypLrJ7z5vxK5RP0yMLo6J/Gsm62DI5Q=="
    },
    "strtok3@10.3.5": {
      "integrity": "sha512-ki4hZQfh5rX0QDLLkOCj+h+CVNkqmp/CMf8v8kZpkNVK6jGQooMytqzLZYUVYIZcFZ6yDB70EfD8POcFXiF5oA==",
      "dependencies": [
        "@tokenizer/token"
      ]
    },
    "tailwindcss@4.3.0": {
      "integrity": "sha512-y6nxMGB1nMW9R6k96e5gdIFzcfL/gTJRNaqGes1YvkLnPVXzWgbqFF2yLC0T8G774n24cx3Pe8XrKoniCOAH+Q=="
    },
    "token-types@6.1.2": {
      "integrity": "sha512-dRXchy+C0IgK8WPC6xvCHFRIWYUbqqdEIKPaKo/AcTUNzwLTK6AH7RjdLWsEZcAN/TBdtfUw3PYEgPr5VPr6ww==",
      "dependencies": [
        "@borewit/text-codec",
        "@tokenizer/token",
        "ieee754"
      ]
    },
    "tslib@2.8.1": {
      "integrity": "sha512-oJFu94HQb+KVduSUQL7wnpmqnfmLsOA/nAh6b6EH0wCEoK0/mPeXU6c3wKDV83MkOuHPRHtSXKKU99IBazS/2w=="
    },
    "uglify-js@3.19.3": {
      "integrity": "sha512-v3Xu+yuwBXisp6QYTcH4UbH+xYJXqnq2m/LtQVWKWzYc1iehYnLixoQDN9FH6/j9/oybfd6W9Ghwkl8+UMKTKQ==",
      "bin": true
    },
    "uid@2.0.2": {
      "integrity": "sha512-u3xV3X7uzvi5b1MncmZo3i2Aw222Zk1keqLA1YkHldREkAhAqi65wuPfe7lHx8H/Wzy+8CE7S7uS3jekIM5s8g==",
      "dependencies": [
        "@lukeed/csprng"
      ]
    },
    "uint8array-extras@1.5.0": {
      "integrity": "sha512-rvKSBiC5zqCCiDZ9kAOszZcDvdAHwwIKJG33Ykj43OKcWsnmcBRL09YTU4nOeHZ8Y2a7l1MgTd08SBe9A8Qj6A=="
    },
    "util-deprecate@1.0.2": {
      "integrity": "sha512-EPD5q1uXyFxJpCrLnCc1nHnq3gOa6DZBocAIiI2TaSCA7VCJ1UJDMagCzIkXNsUYfD1daK//LTEQ8xiIbrHtcw=="
    },
    "wordwrap@1.0.0": {
      "integrity": "sha512-gvVzJFlPycKc5dZN4yPkP8w7Dc37BtP1yczEneOb4uq34pXZcvrtRTmWV8W+Ume+XCxKgbjM+nevkyFPMybd4Q=="
    },
    "xml-naming@0.1.0": {
      "integrity": "sha512-k8KO9hrMyNk6tUWqUfkTEZbezRRpONVOzUTnc97VnCvyj6Tf9lyUR9EDAIeiVLv56jsMcoXEwjW8Kv5yPY52lw=="
    },
    "yallist@4.0.0": {
      "integrity": "sha512-3wdGidZyq5PB084XLES5TpOSRA3wjXAlIWMhum2kRcv/41Sn2emQ0dycQW4uZXLejwKvg6EsvbdlVL+FYEct7A=="
    }
  },
  "workspace": {
    "dependencies": [
      "jsr:@std/assert@1.0.19",
      "jsr:@std/testing@1.0.19",
      "jsr:@tadashi/skreen@3.0.4",
      "npm:@aws-sdk/client-s3@3.1055.0",
      "npm:@aws-sdk/lib-storage@3.1055.0",
      "npm:@nestjs/bullmq@11.0.4",
      "npm:@nestjs/common@11.1.24",
      "npm:@nestjs/config@4.0.4",
      "npm:@nestjs/core@11.1.24",
      "npm:@smithy/fetch-http-handler@5.4.5",
      "npm:bullmq@5.77.6",
      "npm:daisyui@5.5.20",
      "npm:handlebars@4.7.9",
      "npm:ioredis@5.11.0",
      "npm:lightningcss@1.32.0",
      "npm:reflect-metadata@0.2.2",
      "npm:rxjs@7.8.2",
      "npm:sst@4.14.3",
      "npm:tailwindcss@4.3.0"
    ]
  }
}
